// !$*UTF8*$!
{
	archiveVersion = 1;
	classes = {
	};
	objectVersion = 56;
	objects = {

/* Begin PBXBuildFile section */
		4D48E7612A56B60200E10C98 /* AppDelegate.swift in Sources */ = {isa = PBXBuildFile; fileRef = 4D48E7602A56B60200E10C98 /* AppDelegate.swift */; };
		4D48E7632A56B60200E10C98 /* SceneDelegate.swift in Sources */ = {isa = PBXBuildFile; fileRef = 4D48E7622A56B60200E10C98 /* SceneDelegate.swift */; };
		4D48E7652A56B60200E10C98 /* ViewController.swift in Sources */ = {isa = PBXBuildFile; fileRef = 4D48E7642A56B60200E10C98 /* ViewController.swift */; };
		4D48E7682A56B60200E10C98 /* Main.storyboard in Resources */ = {isa = PBXBuildFile; fileRef = 4D48E7662A56B60200E10C98 /* Main.storyboard */; };
		4D48E76A2A56B60300E10C98 /* Assets.xcassets in Resources */ = {isa = PBXBuildFile; fileRef = 4D48E7692A56B60300E10C98 /* Assets.xcassets */; };
		4D48E76D2A56B60300E10C98 /* LaunchScreen.storyboard in Resources */ = {isa = PBXBuildFile; fileRef = 4D48E76B2A56B60300E10C98 /* LaunchScreen.storyboard */; };
		4D48E7782A56B60300E10C98 /* CustomNavBarAndSideMenuTests.swift in Sources */ = {isa = PBXBuildFile; fileRef = 4D48E7772A56B60300E10C98 /* CustomNavBarAndSideMenuTests.swift */; };
		4D48E7822A56B60300E10C98 /* CustomNavBarAndSideMenuUITests.swift in Sources */ = {isa = PBXBuildFile; fileRef = 4D48E7812A56B60300E10C98 /* CustomNavBarAndSideMenuUITests.swift */; };
		4D48E7842A56B60300E10C98 /* CustomNavBarAndSideMenuUITestsLaunchTests.swift in Sources */ = {isa = PBXBuildFile; fileRef = 4D48E7832A56B60300E10C98 /* CustomNavBarAndSideMenuUITestsLaunchTests.swift */; };
		4D48E7912A56B71200E10C98 /* BaseController.swift in Sources */ = {isa = PBXBuildFile; fileRef = 4D48E7902A56B71200E10C98 /* BaseController.swift */; };
		4D48E7982A56B86500E10C98 /* TopBarView.swift in Sources */ = {isa = PBXBuildFile; fileRef = 4D48E7972A56B86500E10C98 /* TopBarView.swift */; };
		4D48E79A2A56B87000E10C98 /* TopBarView.xib in Resources */ = {isa = PBXBuildFile; fileRef = 4D48E7992A56B87000E10C98 /* TopBarView.xib */; };
		4D48E79E2A56B99900E10C98 /* UIView+Helper.swift in Sources */ = {isa = PBXBuildFile; fileRef = 4D48E79D2A56B99900E10C98 /* UIView+Helper.swift */; };
		4D48E7A22A57456A00E10C98 /* RightMenuViewController.swift in Sources */ = {isa = PBXBuildFile; fileRef = 4D48E7A02A57456A00E10C98 /* RightMenuViewController.swift */; };
		4D48E7A32A57456A00E10C98 /* RightMenuViewController.xib in Resources */ = {isa = PBXBuildFile; fileRef = 4D48E7A12A57456A00E10C98 /* RightMenuViewController.xib */; };
		4D48E7A62A5746B500E10C98 /* LeftMenuViewController.swift in Sources */ = {isa = PBXBuildFile; fileRef = 4D48E7A42A5746B500E10C98 /* LeftMenuViewController.swift */; };
		4D48E7A72A5746B500E10C98 /* LeftMenuViewController.xib in Resources */ = {isa = PBXBuildFile; fileRef = 4D48E7A52A5746B500E10C98 /* LeftMenuViewController.xib */; };
		87F726030FC7A6C30389E705 /* Pods_CustomNavBarAndSideMenu.framework in Frameworks */ = {isa = PBXBuildFile; fileRef = 6E958EA5F4A6A38E2663898A /* Pods_CustomNavBarAndSideMenu.framework */; };
		8CDEEB4E0F636F82E3F85954 /* Pods_CustomNavBarAndSideMenuTests.framework in Frameworks */ = {isa = PBXBuildFile; fileRef = 72C3955D60FA046659950752 /* Pods_CustomNavBarAndSideMenuTests.framework */; };
		907172E3A63F2F7793A03EFC /* Pods_CustomNavBarAndSideMenu_CustomNavBarAndSideMenuUITests.framework in Frameworks */ = {isa = PBXBuildFile; fileRef = B03508B3EABE23A8078A1F84 /* Pods_CustomNavBarAndSideMenu_CustomNavBarAndSideMenuUITests.framework */; };
/* End PBXBuildFile section */

/* Begin PBXContainerItemProxy section */
		4D48E7742A56B60300E10C98 /* PBXContainerItemProxy */ = {
			isa = PBXContainerItemProxy;
			containerPortal = 4D48E7552A56B60200E10C98 /* Project object */;
			proxyType = 1;
			remoteGlobalIDString = 4D48E75C2A56B60200E10C98;
			remoteInfo = CustomNavBarAndSideMenu;
		};
		4D48E77E2A56B60300E10C98 /* PBXContainerItemProxy */ = {
			isa = PBXContainerItemProxy;
			containerPortal = 4D48E7552A56B60200E10C98 /* Project object */;
			proxyType = 1;
			remoteGlobalIDString = 4D48E75C2A56B60200E10C98;
			remoteInfo = CustomNavBarAndSideMenu;
		};
/* End PBXContainerItemProxy section */

/* Begin PBXFileReference section */
		0E7BA30B7580735A4FF71CD0 /* Pods-CustomNavBarAndSideMenu-CustomNavBarAndSideMenuUITests.release.xcconfig */ = {isa = PBXFileReference; includeInIndex = 1; lastKnownFileType = text.xcconfig; name = "Pods-CustomNavBarAndSideMenu-CustomNavBarAndSideMenuUITests.release.xcconfig"; path = "Target Support Files/Pods-CustomNavBarAndSideMenu-CustomNavBarAndSideMenuUITests/Pods-CustomNavBarAndSideMenu-CustomNavBarAndSideMenuUITests.release.xcconfig"; sourceTree = "<group>"; };
		4360800A65EC85861E27A22B /* Pods-CustomNavBarAndSideMenuTests.debug.xcconfig */ = {isa = PBXFileReference; includeInIndex = 1; lastKnownFileType = text.xcconfig; name = "Pods-CustomNavBarAndSideMenuTests.debug.xcconfig"; path = "Target Support Files/Pods-CustomNavBarAndSideMenuTests/Pods-CustomNavBarAndSideMenuTests.debug.xcconfig"; sourceTree = "<group>"; };
		4D48E75D2A56B60200E10C98 /* CustomNavBarAndSideMenu.app */ = {isa = PBXFileReference; explicitFileType = wrapper.application; includeInIndex = 0; path = CustomNavBarAndSideMenu.app; sourceTree = BUILT_PRODUCTS_DIR; };
		4D48E7602A56B60200E10C98 /* AppDelegate.swift */ = {isa = PBXFileReference; lastKnownFileType = sourcecode.swift; path = AppDelegate.swift; sourceTree = "<group>"; };
		4D48E7622A56B60200E10C98 /* SceneDelegate.swift */ = {isa = PBXFileReference; lastKnownFileType = sourcecode.swift; path = SceneDelegate.swift; sourceTree = "<group>"; };
		4D48E7642A56B60200E10C98 /* ViewController.swift */ = {isa = PBXFileReference; lastKnownFileType = sourcecode.swift; path = ViewController.swift; sourceTree = "<group>"; };
		4D48E7672A56B60200E10C98 /* Base */ = {isa = PBXFileReference; lastKnownFileType = file.storyboard; name = Base; path = Base.lproj/Main.storyboard; sourceTree = "<group>"; };
		4D48E7692A56B60300E10C98 /* Assets.xcassets */ = {isa = PBXFileReference; lastKnownFileType = folder.assetcatalog; path = Assets.xcassets; sourceTree = "<group>"; };
		4D48E76C2A56B60300E10C98 /* Base */ = {isa = PBXFileReference; lastKnownFileType = file.storyboard; name = Base; path = Base.lproj/LaunchScreen.storyboard; sourceTree = "<group>"; };
		4D48E76E2A56B60300E10C98 /* Info.plist */ = {isa = PBXFileReference; lastKnownFileType = text.plist.xml; path = Info.plist; sourceTree = "<group>"; };
		4D48E7732A56B60300E10C98 /* CustomNavBarAndSideMenuTests.xctest */ = {isa = PBXFileReference; explicitFileType = wrapper.cfbundle; includeInIndex = 0; path = CustomNavBarAndSideMenuTests.xctest; sourceTree = BUILT_PRODUCTS_DIR; };
		4D48E7772A56B60300E10C98 /* CustomNavBarAndSideMenuTests.swift */ = {isa = PBXFileReference; lastKnownFileType = sourcecode.swift; path = CustomNavBarAndSideMenuTests.swift; sourceTree = "<group>"; };
		4D48E77D2A56B60300E10C98 /* CustomNavBarAndSideMenuUITests.xctest */ = {isa = PBXFileReference; explicitFileType = wrapper.cfbundle; includeInIndex = 0; path = CustomNavBarAndSideMenuUITests.xctest; sourceTree = BUILT_PRODUCTS_DIR; };
		4D48E7812A56B60300E10C98 /* CustomNavBarAndSideMenuUITests.swift */ = {isa = PBXFileReference; lastKnownFileType = sourcecode.swift; path = CustomNavBarAndSideMenuUITests.swift; sourceTree = "<group>"; };
		4D48E7832A56B60300E10C98 /* CustomNavBarAndSideMenuUITestsLaunchTests.swift */ = {isa = PBXFileReference; lastKnownFileType = sourcecode.swift; path = CustomNavBarAndSideMenuUITestsLaunchTests.swift; sourceTree = "<group>"; };
		4D48E7902A56B71200E10C98 /* BaseController.swift */ = {isa = PBXFileReference; lastKnownFileType = sourcecode.swift; path = BaseController.swift; sourceTree = "<group>"; };
		4D48E7972A56B86500E10C98 /* TopBarView.swift */ = {isa = PBXFileReference; lastKnownFileType = sourcecode.swift; path = TopBarView.swift; sourceTree = "<group>"; };
		4D48E7992A56B87000E10C98 /* TopBarView.xib */ = {isa = PBXFileReference; lastKnownFileType = file.xib; path = TopBarView.xib; sourceTree = "<group>"; };
		4D48E79D2A56B99900E10C98 /* UIView+Helper.swift */ = {isa = PBXFileReference; lastKnownFileType = sourcecode.swift; path = "UIView+Helper.swift"; sourceTree = "<group>"; };
		4D48E7A02A57456A00E10C98 /* RightMenuViewController.swift */ = {isa = PBXFileReference; lastKnownFileType = sourcecode.swift; path = RightMenuViewController.swift; sourceTree = "<group>"; };
		4D48E7A12A57456A00E10C98 /* RightMenuViewController.xib */ = {isa = PBXFileReference; lastKnownFileType = file.xib; path = RightMenuViewController.xib; sourceTree = "<group>"; };
		4D48E7A42A5746B500E10C98 /* LeftMenuViewController.swift */ = {isa = PBXFileReference; lastKnownFileType = sourcecode.swift; path = LeftMenuViewController.swift; sourceTree = "<group>"; };
		4D48E7A52A5746B500E10C98 /* LeftMenuViewController.xib */ = {isa = PBXFileReference; lastKnownFileType = file.xib; path = LeftMenuViewController.xib; sourceTree = "<group>"; };
		58386B9FF78C615158906B37 /* Pods-CustomNavBarAndSideMenu.release.xcconfig */ = {isa = PBXFileReference; includeInIndex = 1; lastKnownFileType = text.xcconfig; name = "Pods-CustomNavBarAndSideMenu.release.xcconfig"; path = "Target Support Files/Pods-CustomNavBarAndSideMenu/Pods-CustomNavBarAndSideMenu.release.xcconfig"; sourceTree = "<group>"; };
		6E958EA5F4A6A38E2663898A /* Pods_CustomNavBarAndSideMenu.framework */ = {isa = PBXFileReference; explicitFileType = wrapper.framework; includeInIndex = 0; path = Pods_CustomNavBarAndSideMenu.framework; sourceTree = BUILT_PRODUCTS_DIR; };
		72C3955D60FA046659950752 /* Pods_CustomNavBarAndSideMenuTests.framework */ = {isa = PBXFileReference; explicitFileType = wrapper.framework; includeInIndex = 0; path = Pods_CustomNavBarAndSideMenuTests.framework; sourceTree = BUILT_PRODUCTS_DIR; };
		9636FAD2AEA6729206436CE4 /* Pods-CustomNavBarAndSideMenu-CustomNavBarAndSideMenuUITests.debug.xcconfig */ = {isa = PBXFileReference; includeInIndex = 1; lastKnownFileType = text.xcconfig; name = "Pods-CustomNavBarAndSideMenu-CustomNavBarAndSideMenuUITests.debug.xcconfig"; path = "Target Support Files/Pods-CustomNavBarAndSideMenu-CustomNavBarAndSideMenuUITests/Pods-CustomNavBarAndSideMenu-CustomNavBarAndSideMenuUITests.debug.xcconfig"; sourceTree = "<group>"; };
		B03508B3EABE23A8078A1F84 /* Pods_CustomNavBarAndSideMenu_CustomNavBarAndSideMenuUITests.framework */ = {isa = PBXFileReference; explicitFileType = wrapper.framework; includeInIndex = 0; path = Pods_CustomNavBarAndSideMenu_CustomNavBarAndSideMenuUITests.framework; sourceTree = BUILT_PRODUCTS_DIR; };
		E2126002118BEC79120E7444 /* Pods-CustomNavBarAndSideMenuTests.release.xcconfig */ = {isa = PBXFileReference; includeInIndex = 1; lastKnownFileType = text.xcconfig; name = "Pods-CustomNavBarAndSideMenuTests.release.xcconfig"; path = "Target Support Files/Pods-CustomNavBarAndSideMenuTests/Pods-CustomNavBarAndSideMenuTests.release.xcconfig"; sourceTree = "<group>"; };
		E5E67CC2EB775B3E895113FF /* Pods-CustomNavBarAndSideMenu.debug.xcconfig */ = {isa = PBXFileReference; includeInIndex = 1; lastKnownFileType = text.xcconfig; name = "Pods-CustomNavBarAndSideMenu.debug.xcconfig"; path = "Target Support Files/Pods-CustomNavBarAndSideMenu/Pods-CustomNavBarAndSideMenu.debug.xcconfig"; sourceTree = "<group>"; };
/* End PBXFileReference section */

/* Begin PBXFrameworksBuildPhase section */
		4D48E75A2A56B60200E10C98 /* Frameworks */ = {
			isa = PBXFrameworksBuildPhase;
			buildActionMask = 2147483647;
			files = (
				87F726030FC7A6C30389E705 /* Pods_CustomNavBarAndSideMenu.framework in Frameworks */,
			);
			runOnlyForDeploymentPostprocessing = 0;
		};
		4D48E7702A56B60300E10C98 /* Frameworks */ = {
			isa = PBXFrameworksBuildPhase;
			buildActionMask = 2147483647;
			files = (
				8CDEEB4E0F636F82E3F85954 /* Pods_CustomNavBarAndSideMenuTests.framework in Frameworks */,
			);
			runOnlyForDeploymentPostprocessing = 0;
		};
		4D48E77A2A56B60300E10C98 /* Frameworks */ = {
			isa = PBXFrameworksBuildPhase;
			buildActionMask = 2147483647;
			files = (
				907172E3A63F2F7793A03EFC /* Pods_CustomNavBarAndSideMenu_CustomNavBarAndSideMenuUITests.framework in Frameworks */,
			);
			runOnlyForDeploymentPostprocessing = 0;
		};
/* End PBXFrameworksBuildPhase section */

/* Begin PBXGroup section */
		4D48E7542A56B60200E10C98 = {
			isa = PBXGroup;
			children = (
				4D48E75F2A56B60200E10C98 /* CustomNavBarAndSideMenu */,
				4D48E7762A56B60300E10C98 /* CustomNavBarAndSideMenuTests */,
				4D48E7802A56B60300E10C98 /* CustomNavBarAndSideMenuUITests */,
				4D48E75E2A56B60200E10C98 /* Products */,
				B33B700AC8DA91F4AABB1027 /* Pods */,
				C4E1EC57E69C216BEC9B629E /* Frameworks */,
			);
			sourceTree = "<group>";
		};
		4D48E75E2A56B60200E10C98 /* Products */ = {
			isa = PBXGroup;
			children = (
				4D48E75D2A56B60200E10C98 /* CustomNavBarAndSideMenu.app */,
				4D48E7732A56B60300E10C98 /* CustomNavBarAndSideMenuTests.xctest */,
				4D48E77D2A56B60300E10C98 /* CustomNavBarAndSideMenuUITests.xctest */,
			);
			name = Products;
			sourceTree = "<group>";
		};
		4D48E75F2A56B60200E10C98 /* CustomNavBarAndSideMenu */ = {
			isa = PBXGroup;
			children = (
				4D48E7602A56B60200E10C98 /* AppDelegate.swift */,
				4D48E76E2A56B60300E10C98 /* Info.plist */,
				4D48E76B2A56B60300E10C98 /* LaunchScreen.storyboard */,
				4D48E7622A56B60200E10C98 /* SceneDelegate.swift */,
				4D48E7922A56B7CE00E10C98 /* Base */,
				4D48E7942A56B7E600E10C98 /* Resources */,
				4D48E7962A56B84F00E10C98 /* UI Component */,
				4D48E79B2A56B97300E10C98 /* Utils */,
				4D48E7932A56B7D400E10C98 /* Views */,
			);
			path = CustomNavBarAndSideMenu;
			sourceTree = "<group>";
		};
		4D48E7762A56B60300E10C98 /* CustomNavBarAndSideMenuTests */ = {
			isa = PBXGroup;
			children = (
				4D48E7772A56B60300E10C98 /* CustomNavBarAndSideMenuTests.swift */,
			);
			path = CustomNavBarAndSideMenuTests;
			sourceTree = "<group>";
		};
		4D48E7802A56B60300E10C98 /* CustomNavBarAndSideMenuUITests */ = {
			isa = PBXGroup;
			children = (
				4D48E7812A56B60300E10C98 /* CustomNavBarAndSideMenuUITests.swift */,
				4D48E7832A56B60300E10C98 /* CustomNavBarAndSideMenuUITestsLaunchTests.swift */,
			);
			path = CustomNavBarAndSideMenuUITests;
			sourceTree = "<group>";
		};
		4D48E7922A56B7CE00E10C98 /* Base */ = {
			isa = PBXGroup;
			children = (
				4D48E7902A56B71200E10C98 /* BaseController.swift */,
			);
			path = Base;
			sourceTree = "<group>";
		};
		4D48E7932A56B7D400E10C98 /* Views */ = {
			isa = PBXGroup;
			children = (
				4D48E79F2A57453400E10C98 /* Side Menu */,
				4D48E7952A56B7F500E10C98 /* Main */,
			);
			path = Views;
			sourceTree = "<group>";
		};
		4D48E7942A56B7E600E10C98 /* Resources */ = {
			isa = PBXGroup;
			children = (
				4D48E7692A56B60300E10C98 /* Assets.xcassets */,
			);
			path = Resources;
			sourceTree = "<group>";
		};
		4D48E7952A56B7F500E10C98 /* Main */ = {
			isa = PBXGroup;
			children = (
				4D48E7642A56B60200E10C98 /* ViewController.swift */,
				4D48E7662A56B60200E10C98 /* Main.storyboard */,
			);
			path = Main;
			sourceTree = "<group>";
		};
		4D48E7962A56B84F00E10C98 /* UI Component */ = {
			isa = PBXGroup;
			children = (
				4D48E7972A56B86500E10C98 /* TopBarView.swift */,
				4D48E7992A56B87000E10C98 /* TopBarView.xib */,
			);
			path = "UI Component";
			sourceTree = "<group>";
		};
		4D48E79B2A56B97300E10C98 /* Utils */ = {
			isa = PBXGroup;
			children = (
				4D48E79C2A56B97A00E10C98 /* UI Helper */,
			);
			path = Utils;
			sourceTree = "<group>";
		};
		4D48E79C2A56B97A00E10C98 /* UI Helper */ = {
			isa = PBXGroup;
			children = (
				4D48E79D2A56B99900E10C98 /* UIView+Helper.swift */,
			);
			path = "UI Helper";
			sourceTree = "<group>";
		};
		4D48E79F2A57453400E10C98 /* Side Menu */ = {
			isa = PBXGroup;
			children = (
				4D48E7A02A57456A00E10C98 /* RightMenuViewController.swift */,
				4D48E7A12A57456A00E10C98 /* RightMenuViewController.xib */,
				4D48E7A42A5746B500E10C98 /* LeftMenuViewController.swift */,
				4D48E7A52A5746B500E10C98 /* LeftMenuViewController.xib */,
			);
			path = "Side Menu";
			sourceTree = "<group>";
		};
		B33B700AC8DA91F4AABB1027 /* Pods */ = {
			isa = PBXGroup;
			children = (
				E5E67CC2EB775B3E895113FF /* Pods-CustomNavBarAndSideMenu.debug.xcconfig */,
				58386B9FF78C615158906B37 /* Pods-CustomNavBarAndSideMenu.release.xcconfig */,
				9636FAD2AEA6729206436CE4 /* Pods-CustomNavBarAndSideMenu-CustomNavBarAndSideMenuUITests.debug.xcconfig */,
				0E7BA30B7580735A4FF71CD0 /* Pods-CustomNavBarAndSideMenu-CustomNavBarAndSideMenuUITests.release.xcconfig */,
				4360800A65EC85861E27A22B /* Pods-CustomNavBarAndSideMenuTests.debug.xcconfig */,
				E2126002118BEC79120E7444 /* Pods-CustomNavBarAndSideMenuTests.release.xcconfig */,
			);
			path = Pods;
			sourceTree = "<group>";
		};
		C4E1EC57E69C216BEC9B629E /* Frameworks */ = {
			isa = PBXGroup;
			children = (
				6E958EA5F4A6A38E2663898A /* Pods_CustomNavBarAndSideMenu.framework */,
				B03508B3EABE23A8078A1F84 /* Pods_CustomNavBarAndSideMenu_CustomNavBarAndSideMenuUITests.framework */,
				72C3955D60FA046659950752 /* Pods_CustomNavBarAndSideMenuTests.framework */,
			);
			name = Frameworks;
			sourceTree = "<group>";
		};
/* End PBXGroup section */

/* Begin PBXNativeTarget section */
		4D48E75C2A56B60200E10C98 /* CustomNavBarAndSideMenu */ = {
			isa = PBXNativeTarget;
			buildConfigurationList = 4D48E7872A56B60300E10C98 /* Build configuration list for PBXNativeTarget "CustomNavBarAndSideMenu" */;
			buildPhases = (
				758E435EED405DB658E2ADAF /* [CP] Check Pods Manifest.lock */,
				4D48E7592A56B60200E10C98 /* Sources */,
				4D48E75A2A56B60200E10C98 /* Frameworks */,
				4D48E75B2A56B60200E10C98 /* Resources */,
				CF8B661FF25861B7FF5C7205 /* [CP] Embed Pods Frameworks */,
			);
			buildRules = (
			);
			dependencies = (
			);
			name = CustomNavBarAndSideMenu;
			productName = CustomNavBarAndSideMenu;
			productReference = 4D48E75D2A56B60200E10C98 /* CustomNavBarAndSideMenu.app */;
			productType = "com.apple.product-type.application";
		};
		4D48E7722A56B60300E10C98 /* CustomNavBarAndSideMenuTests */ = {
			isa = PBXNativeTarget;
			buildConfigurationList = 4D48E78A2A56B60300E10C98 /* Build configuration list for PBXNativeTarget "CustomNavBarAndSideMenuTests" */;
			buildPhases = (
				9787DD58828CF13012677E33 /* [CP] Check Pods Manifest.lock */,
				4D48E76F2A56B60300E10C98 /* Sources */,
				4D48E7702A56B60300E10C98 /* Frameworks */,
				4D48E7712A56B60300E10C98 /* Resources */,
			);
			buildRules = (
			);
			dependencies = (
				4D48E7752A56B60300E10C98 /* PBXTargetDependency */,
			);
			name = CustomNavBarAndSideMenuTests;
			productName = CustomNavBarAndSideMenuTests;
			productReference = 4D48E7732A56B60300E10C98 /* CustomNavBarAndSideMenuTests.xctest */;
			productType = "com.apple.product-type.bundle.unit-test";
		};
		4D48E77C2A56B60300E10C98 /* CustomNavBarAndSideMenuUITests */ = {
			isa = PBXNativeTarget;
			buildConfigurationList = 4D48E78D2A56B60300E10C98 /* Build configuration list for PBXNativeTarget "CustomNavBarAndSideMenuUITests" */;
			buildPhases = (
				729CC670DB962FECE433402B /* [CP] Check Pods Manifest.lock */,
				4D48E7792A56B60300E10C98 /* Sources */,
				4D48E77A2A56B60300E10C98 /* Frameworks */,
				4D48E77B2A56B60300E10C98 /* Resources */,
				767C45E15433546F9AAC2C76 /* [CP] Embed Pods Frameworks */,
			);
			buildRules = (
			);
			dependencies = (
				4D48E77F2A56B60300E10C98 /* PBXTargetDependency */,
			);
			name = CustomNavBarAndSideMenuUITests;
			productName = CustomNavBarAndSideMenuUITests;
			productReference = 4D48E77D2A56B60300E10C98 /* CustomNavBarAndSideMenuUITests.xctest */;
			productType = "com.apple.product-type.bundle.ui-testing";
		};
/* End PBXNativeTarget section */

/* Begin PBXProject section */
		4D48E7552A56B60200E10C98 /* Project object */ = {
			isa = PBXProject;
			attributes = {
				BuildIndependentTargetsInParallel = 1;
				LastSwiftUpdateCheck = 1430;
				LastUpgradeCheck = 1430;
				TargetAttributes = {
					4D48E75C2A56B60200E10C98 = {
						CreatedOnToolsVersion = 14.3.1;
					};
					4D48E7722A56B60300E10C98 = {
						CreatedOnToolsVersion = 14.3.1;
						TestTargetID = 4D48E75C2A56B60200E10C98;
					};
					4D48E77C2A56B60300E10C98 = {
						CreatedOnToolsVersion = 14.3.1;
						TestTargetID = 4D48E75C2A56B60200E10C98;
					};
				};
			};
			buildConfigurationList = 4D48E7582A56B60200E10C98 /* Build configuration list for PBXProject "CustomNavBarAndSideMenu" */;
			compatibilityVersion = "Xcode 14.0";
			developmentRegion = en;
			hasScannedForEncodings = 0;
			knownRegions = (
				en,
				Base,
			);
			mainGroup = 4D48E7542A56B60200E10C98;
			productRefGroup = 4D48E75E2A56B60200E10C98 /* Products */;
			projectDirPath = "";
			projectRoot = "";
			targets = (
				4D48E75C2A56B60200E10C98 /* CustomNavBarAndSideMenu */,
				4D48E7722A56B60300E10C98 /* CustomNavBarAndSideMenuTests */,
				4D48E77C2A56B60300E10C98 /* CustomNavBarAndSideMenuUITests */,
			);
		};
/* End PBXProject section */

/* Begin PBXResourcesBuildPhase section */
		4D48E75B2A56B60200E10C98 /* Resources */ = {
			isa = PBXResourcesBuildPhase;
			buildActionMask = 2147483647;
			files = (
				4D48E76D2A56B60300E10C98 /* LaunchScreen.storyboard in Resources */,
				4D48E76A2A56B60300E10C98 /* Assets.xcassets in Resources */,
				4D48E7A72A5746B500E10C98 /* LeftMenuViewController.xib in Resources */,
				4D48E79A2A56B87000E10C98 /* TopBarView.xib in Resources */,
				4D48E7A32A57456A00E10C98 /* RightMenuViewController.xib in Resources */,
				4D48E7682A56B60200E10C98 /* Main.storyboard in Resources */,
			);
			runOnlyForDeploymentPostprocessing = 0;
		};
		4D48E7712A56B60300E10C98 /* Resources */ = {
			isa = PBXResourcesBuildPhase;
			buildActionMask = 2147483647;
			files = (
			);
			runOnlyForDeploymentPostprocessing = 0;
		};
		4D48E77B2A56B60300E10C98 /* Resources */ = {
			isa = PBXResourcesBuildPhase;
			buildActionMask = 2147483647;
			files = (
			);
			runOnlyForDeploymentPostprocessing = 0;
		};
/* End PBXResourcesBuildPhase section */

/* Begin PBXShellScriptBuildPhase section */
		729CC670DB962FECE433402B /* [CP] Check Pods Manifest.lock */ = {
			isa = PBXShellScriptBuildPhase;
			buildActionMask = 2147483647;
			files = (
			);
			inputFileListPaths = (
			);
			inputPaths = (
				"${PODS_PODFILE_DIR_PATH}/Podfile.lock",
				"${PODS_ROOT}/Manifest.lock",
			);
			name = "[CP] Check Pods Manifest.lock";
			outputFileListPaths = (
			);
			outputPaths = (
				"$(DERIVED_FILE_DIR)/Pods-CustomNavBarAndSideMenu-CustomNavBarAndSideMenuUITests-checkManifestLockResult.txt",
			);
			runOnlyForDeploymentPostprocessing = 0;
			shellPath = /bin/sh;
			shellScript = "diff \"${PODS_PODFILE_DIR_PATH}/Podfile.lock\" \"${PODS_ROOT}/Manifest.lock\" > /dev/null\nif [ $? != 0 ] ; then\n    # print error to STDERR\n    echo \"error: The sandbox is not in sync with the Podfile.lock. Run 'pod install' or update your CocoaPods installation.\" >&2\n    exit 1\nfi\n# This output is used by Xcode 'outputs' to avoid re-running this script phase.\necho \"SUCCESS\" > \"${SCRIPT_OUTPUT_FILE_0}\"\n";
			showEnvVarsInLog = 0;
		};
		758E435EED405DB658E2ADAF /* [CP] Check Pods Manifest.lock */ = {
			isa = PBXShellScriptBuildPhase;
			buildActionMask = 2147483647;
			files = (
			);
			inputFileListPaths = (
			);
			inputPaths = (
				"${PODS_PODFILE_DIR_PATH}/Podfile.lock",
				"${PODS_ROOT}/Manifest.lock",
			);
			name = "[CP] Check Pods Manifest.lock";
			outputFileListPaths = (
			);
			outputPaths = (
				"$(DERIVED_FILE_DIR)/Pods-CustomNavBarAndSideMenu-checkManifestLockResult.txt",
			);
			runOnlyForDeploymentPostprocessing = 0;
			shellPath = /bin/sh;
			shellScript = "diff \"${PODS_PODFILE_DIR_PATH}/Podfile.lock\" \"${PODS_ROOT}/Manifest.lock\" > /dev/null\nif [ $? != 0 ] ; then\n    # print error to STDERR\n    echo \"error: The sandbox is not in sync with the Podfile.lock. Run 'pod install' or update your CocoaPods installation.\" >&2\n    exit 1\nfi\n# This output is used by Xcode 'outputs' to avoid re-running this script phase.\necho \"SUCCESS\" > \"${SCRIPT_OUTPUT_FILE_0}\"\n";
			showEnvVarsInLog = 0;
		};
		767C45E15433546F9AAC2C76 /* [CP] Embed Pods Frameworks */ = {
			isa = PBXShellScriptBuildPhase;
			buildActionMask = 2147483647;
			files = (
			);
			inputFileListPaths = (
				"${PODS_ROOT}/Target Support Files/Pods-CustomNavBarAndSideMenu-CustomNavBarAndSideMenuUITests/Pods-CustomNavBarAndSideMenu-CustomNavBarAndSideMenuUITests-frameworks-${CONFIGURATION}-input-files.xcfilelist",
			);
			name = "[CP] Embed Pods Frameworks";
			outputFileListPaths = (
				"${PODS_ROOT}/Target Support Files/Pods-CustomNavBarAndSideMenu-CustomNavBarAndSideMenuUITests/Pods-CustomNavBarAndSideMenu-CustomNavBarAndSideMenuUITests-frameworks-${CONFIGURATION}-output-files.xcfilelist",
			);
			runOnlyForDeploymentPostprocessing = 0;
			shellPath = /bin/sh;
			shellScript = "\"${PODS_ROOT}/Target Support Files/Pods-CustomNavBarAndSideMenu-CustomNavBarAndSideMenuUITests/Pods-CustomNavBarAndSideMenu-CustomNavBarAndSideMenuUITests-frameworks.sh\"\n";
			showEnvVarsInLog = 0;
		};
		9787DD58828CF13012677E33 /* [CP] Check Pods Manifest.lock */ = {
			isa = PBXShellScriptBuildPhase;
			buildActionMask = 2147483647;
			files = (
			);
			inputFileListPaths = (
			);
			inputPaths = (
				"${PODS_PODFILE_DIR_PATH}/Podfile.lock",
				"${PODS_ROOT}/Manifest.lock",
			);
			name = "[CP] Check Pods Manifest.lock";
			outputFileListPaths = (
			);
			outputPaths = (
				"$(DERIVED_FILE_DIR)/Pods-CustomNavBarAndSideMenuTests-checkManifestLockResult.txt",
			);
			runOnlyForDeploymentPostprocessing = 0;
			shellPath = /bin/sh;
			shellScript = "diff \"${PODS_PODFILE_DIR_PATH}/Podfile.lock\" \"${PODS_ROOT}/Manifest.lock\" > /dev/null\nif [ $? != 0 ] ; then\n    # print error to STDERR\n    echo \"error: The sandbox is not in sync with the Podfile.lock. Run 'pod install' or update your CocoaPods installation.\" >&2\n    exit 1\nfi\n# This output is used by Xcode 'outputs' to avoid re-running this script phase.\necho \"SUCCESS\" > \"${SCRIPT_OUTPUT_FILE_0}\"\n";
			showEnvVarsInLog = 0;
		};
		CF8B661FF25861B7FF5C7205 /* [CP] Embed Pods Frameworks */ = {
			isa = PBXShellScriptBuildPhase;
			buildActionMask = 2147483647;
			files = (
			);
			inputFileListPaths = (
				"${PODS_ROOT}/Target Support Files/Pods-CustomNavBarAndSideMenu/Pods-CustomNavBarAndSideMenu-frameworks-${CONFIGURATION}-input-files.xcfilelist",
			);
			name = "[CP] Embed Pods Frameworks";
			outputFileListPaths = (
				"${PODS_ROOT}/Target Support Files/Pods-CustomNavBarAndSideMenu/Pods-CustomNavBarAndSideMenu-frameworks-${CONFIGURATION}-output-files.xcfilelist",
			);
			runOnlyForDeploymentPostprocessing = 0;
			shellPath = /bin/sh;
			shellScript = "\"${PODS_ROOT}/Target Support Files/Pods-CustomNavBarAndSideMenu/Pods-CustomNavBarAndSideMenu-frameworks.sh\"\n";
			showEnvVarsInLog = 0;
		};
/* End PBXShellScriptBuildPhase section */

/* Begin PBXSourcesBuildPhase section */
		4D48E7592A56B60200E10C98 /* Sources */ = {
			isa = PBXSourcesBuildPhase;
			buildActionMask = 2147483647;
			files = (
				4D48E7982A56B86500E10C98 /* TopBarView.swift in Sources */,
				4D48E7652A56B60200E10C98 /* ViewController.swift in Sources */,
				4D48E7612A56B60200E10C98 /* AppDelegate.swift in Sources */,
				4D48E7912A56B71200E10C98 /* BaseController.swift in Sources */,
				4D48E7A22A57456A00E10C98 /* RightMenuViewController.swift in Sources */,
				4D48E79E2A56B99900E10C98 /* UIView+Helper.swift in Sources */,
				4D48E7A62A5746B500E10C98 /* LeftMenuViewController.swift in Sources */,
				4D48E7632A56B60200E10C98 /* SceneDelegate.swift in Sources */,
			);
			runOnlyForDeploymentPostprocessing = 0;
		};
		4D48E76F2A56B60300E10C98 /* Sources */ = {
			isa = PBXSourcesBuildPhase;
			buildActionMask = 2147483647;
			files = (
				4D48E7782A56B60300E10C98 /* CustomNavBarAndSideMenuTests.swift in Sources */,
			);
			runOnlyForDeploymentPostprocessing = 0;
		};
		4D48E7792A56B60300E10C98 /* Sources */ = {
			isa = PBXSourcesBuildPhase;
			buildActionMask = 2147483647;
			files = (
				4D48E7822A56B60300E10C98 /* CustomNavBarAndSideMenuUITests.swift in Sources */,
				4D48E7842A56B60300E10C98 /* CustomNavBarAndSideMenuUITestsLaunchTests.swift in Sources */,
			);
			runOnlyForDeploymentPostprocessing = 0;
		};
/* End PBXSourcesBuildPhase section */

/* Begin PBXTargetDependency section */
		4D48E7752A56B60300E10C98 /* PBXTargetDependency */ = {
			isa = PBXTargetDependency;
			target = 4D48E75C2A56B60200E10C98 /* CustomNavBarAndSideMenu */;
			targetProxy = 4D48E7742A56B60300E10C98 /* PBXContainerItemProxy */;
		};
		4D48E77F2A56B60300E10C98 /* PBXTargetDependency */ = {
			isa = PBXTargetDependency;
			target = 4D48E75C2A56B60200E10C98 /* CustomNavBarAndSideMenu */;
			targetProxy = 4D48E77E2A56B60300E10C98 /* PBXContainerItemProxy */;
		};
/* End PBXTargetDependency section */

/* Begin PBXVariantGroup section */
		4D48E7662A56B60200E10C98 /* Main.storyboard */ = {
			isa = PBXVariantGroup;
			children = (
				4D48E7672A56B60200E10C98 /* Base */,
			);
			name = Main.storyboard;
			sourceTree = "<group>";
		};
		4D48E76B2A56B60300E10C98 /* LaunchScreen.storyboard */ = {
			isa = PBXVariantGroup;
			children = (
				4D48E76C2A56B60300E10C98 /* Base */,
			);
			name = LaunchScreen.storyboard;
			sourceTree = "<group>";
		};
/* End PBXVariantGroup section */

/* Begin XCBuildConfiguration section */
		4D48E7852A56B60300E10C98 /* Debug */ = {
			isa = XCBuildConfiguration;
			buildSettings = {
				ALWAYS_SEARCH_USER_PATHS = NO;
				CLANG_ANALYZER_NONNULL = YES;
				CLANG_ANALYZER_NUMBER_OBJECT_CONVERSION = YES_AGGRESSIVE;
				CLANG_CXX_LANGUAGE_STANDARD = "gnu++20";
				CLANG_ENABLE_MODULES = YES;
				CLANG_ENABLE_OBJC_ARC = YES;
				CLANG_ENABLE_OBJC_WEAK = YES;
				CLANG_WARN_BLOCK_CAPTURE_AUTORELEASING = YES;
				CLANG_WARN_BOOL_CONVERSION = YES;
				CLANG_WARN_COMMA = YES;
				CLANG_WARN_CONSTANT_CONVERSION = YES;
				CLANG_WARN_DEPRECATED_OBJC_IMPLEMENTATIONS = YES;
				CLANG_WARN_DIRECT_OBJC_ISA_USAGE = YES_ERROR;
				CLANG_WARN_DOCUMENTATION_COMMENTS = YES;
				CLANG_WARN_EMPTY_BODY = YES;
				CLANG_WARN_ENUM_CONVERSION = YES;
				CLANG_WARN_INFINITE_RECURSION = YES;
				CLANG_WARN_INT_CONVERSION = YES;
				CLANG_WARN_NON_LITERAL_NULL_CONVERSION = YES;
				CLANG_WARN_OBJC_IMPLICIT_RETAIN_SELF = YES;
				CLANG_WARN_OBJC_LITERAL_CONVERSION = YES;
				CLANG_WARN_OBJC_ROOT_CLASS = YES_ERROR;
				CLANG_WARN_QUOTED_INCLUDE_IN_FRAMEWORK_HEADER = YES;
				CLANG_WARN_RANGE_LOOP_ANALYSIS = YES;
				CLANG_WARN_STRICT_PROTOTYPES = YES;
				CLANG_WARN_SUSPICIOUS_MOVE = YES;
				CLANG_WARN_UNGUARDED_AVAILABILITY = YES_AGGRESSIVE;
				CLANG_WARN_UNREACHABLE_CODE = YES;
				CLANG_WARN__DUPLICATE_METHOD_MATCH = YES;
				COPY_PHASE_STRIP = NO;
				DEBUG_INFORMATION_FORMAT = dwarf;
				ENABLE_STRICT_OBJC_MSGSEND = YES;
				ENABLE_TESTABILITY = YES;
				GCC_C_LANGUAGE_STANDARD = gnu11;
				GCC_DYNAMIC_NO_PIC = NO;
				GCC_NO_COMMON_BLOCKS = YES;
				GCC_OPTIMIZATION_LEVEL = 0;
				GCC_PREPROCESSOR_DEFINITIONS = (
					"DEBUG=1",
					"$(inherited)",
				);
				GCC_WARN_64_TO_32_BIT_CONVERSION = YES;
				GCC_WARN_ABOUT_RETURN_TYPE = YES_ERROR;
				GCC_WARN_UNDECLARED_SELECTOR = YES;
				GCC_WARN_UNINITIALIZED_AUTOS = YES_AGGRESSIVE;
				GCC_WARN_UNUSED_FUNCTION = YES;
				GCC_WARN_UNUSED_VARIABLE = YES;
				IPHONEOS_DEPLOYMENT_TARGET = 16.4;
				MTL_ENABLE_DEBUG_INFO = INCLUDE_SOURCE;
				MTL_FAST_MATH = YES;
				ONLY_ACTIVE_ARCH = YES;
				SDKROOT = iphoneos;
				SWIFT_ACTIVE_COMPILATION_CONDITIONS = DEBUG;
				SWIFT_OPTIMIZATION_LEVEL = "-Onone";
			};
			name = Debug;
		};
		4D48E7862A56B60300E10C98 /* Release */ = {
			isa = XCBuildConfiguration;
			buildSettings = {
				ALWAYS_SEARCH_USER_PATHS = NO;
				CLANG_ANALYZER_NONNULL = YES;
				CLANG_ANALYZER_NUMBER_OBJECT_CONVERSION = YES_AGGRESSIVE;
				CLANG_CXX_LANGUAGE_STANDARD = "gnu++20";
				CLANG_ENABLE_MODULES = YES;
				CLANG_ENABLE_OBJC_ARC = YES;
				CLANG_ENABLE_OBJC_WEAK = YES;
				CLANG_WARN_BLOCK_CAPTURE_AUTORELEASING = YES;
				CLANG_WARN_BOOL_CONVERSION = YES;
				CLANG_WARN_COMMA = YES;
				CLANG_WARN_CONSTANT_CONVERSION = YES;
				CLANG_WARN_DEPRECATED_OBJC_IMPLEMENTATIONS = YES;
				CLANG_WARN_DIRECT_OBJC_ISA_USAGE = YES_ERROR;
				CLANG_WARN_DOCUMENTATION_COMMENTS = YES;
				CLANG_WARN_EMPTY_BODY = YES;
				CLANG_WARN_ENUM_CONVERSION = YES;
				CLANG_WARN_INFINITE_RECURSION = YES;
				CLANG_WARN_INT_CONVERSION = YES;
				CLANG_WARN_NON_LITERAL_NULL_CONVERSION = YES;
				CLANG_WARN_OBJC_IMPLICIT_RETAIN_SELF = YES;
				CLANG_WARN_OBJC_LITERAL_CONVERSION = YES;
				CLANG_WARN_OBJC_ROOT_CLASS = YES_ERROR;
				CLANG_WARN_QUOTED_INCLUDE_IN_FRAMEWORK_HEADER = YES;
				CLANG_WARN_RANGE_LOOP_ANALYSIS = YES;
				CLANG_WARN_STRICT_PROTOTYPES = YES;
				CLANG_WARN_SUSPICIOUS_MOVE = YES;
				CLANG_WARN_UNGUARDED_AVAILABILITY = YES_AGGRESSIVE;
				CLANG_WARN_UNREACHABLE_CODE = YES;
				CLANG_WARN__DUPLICATE_METHOD_MATCH = YES;
				COPY_PHASE_STRIP = NO;
				DEBUG_INFORMATION_FORMAT = "dwarf-with-dsym";
				ENABLE_NS_ASSERTIONS = NO;
				ENABLE_STRICT_OBJC_MSGSEND = YES;
				GCC_C_LANGUAGE_STANDARD = gnu11;
				GCC_NO_COMMON_BLOCKS = YES;
				GCC_WARN_64_TO_32_BIT_CONVERSION = YES;
				GCC_WARN_ABOUT_RETURN_TYPE = YES_ERROR;
				GCC_WARN_UNDECLARED_SELECTOR = YES;
				GCC_WARN_UNINITIALIZED_AUTOS = YES_AGGRESSIVE;
				GCC_WARN_UNUSED_FUNCTION = YES;
				GCC_WARN_UNUSED_VARIABLE = YES;
				IPHONEOS_DEPLOYMENT_TARGET = 16.4;
				MTL_ENABLE_DEBUG_INFO = NO;
				MTL_FAST_MATH = YES;
				SDKROOT = iphoneos;
				SWIFT_COMPILATION_MODE = wholemodule;
				SWIFT_OPTIMIZATION_LEVEL = "-O";
				VALIDATE_PRODUCT = YES;
			};
			name = Release;
		};
		4D48E7882A56B60300E10C98 /* Debug */ = {
			isa = XCBuildConfiguration;
			baseConfigurationReference = E5E67CC2EB775B3E895113FF /* Pods-CustomNavBarAndSideMenu.debug.xcconfig */;
			buildSettings = {
				ASSETCATALOG_COMPILER_APPICON_NAME = AppIcon;
				ASSETCATALOG_COMPILER_GLOBAL_ACCENT_COLOR_NAME = AccentColor;
				CODE_SIGN_STYLE = Automatic;
				CURRENT_PROJECT_VERSION = 1;
				DEVELOPMENT_TEAM = 6KMVK5CC4Q;
				GENERATE_INFOPLIST_FILE = YES;
				INFOPLIST_FILE = CustomNavBarAndSideMenu/Info.plist;
				INFOPLIST_KEY_UIApplicationSupportsIndirectInputEvents = YES;
				INFOPLIST_KEY_UILaunchStoryboardName = LaunchScreen;
				INFOPLIST_KEY_UIMainStoryboardFile = Main;
				INFOPLIST_KEY_UISupportedInterfaceOrientations_iPad = "UIInterfaceOrientationPortrait UIInterfaceOrientationPortraitUpsideDown UIInterfaceOrientationLandscapeLeft UIInterfaceOrientationLandscapeRight";
				INFOPLIST_KEY_UISupportedInterfaceOrientations_iPhone = "UIInterfaceOrientationPortrait UIInterfaceOrientationLandscapeLeft UIInterfaceOrientationLandscapeRight";
				LD_RUNPATH_SEARCH_PATHS = (
					"$(inherited)",
					"@executable_path/Frameworks",
				);
				MARKETING_VERSION = 1.0;
				PRODUCT_BUNDLE_IDENTIFIER = com.creative.CustomNavBarAndSideMenu;
				PRODUCT_NAME = "$(TARGET_NAME)";
				SWIFT_EMIT_LOC_STRINGS = YES;
				SWIFT_VERSION = 5.0;
				TARGETED_DEVICE_FAMILY = "1,2";
			};
			name = Debug;
		};
		4D48E7892A56B60300E10C98 /* Release */ = {
			isa = XCBuildConfiguration;
			baseConfigurationReference = 58386B9FF78C615158906B37 /* Pods-CustomNavBarAndSideMenu.release.xcconfig */;
			buildSettings = {
				ASSETCATALOG_COMPILER_APPICON_NAME = AppIcon;
				ASSETCATALOG_COMPILER_GLOBAL_ACCENT_COLOR_NAME = AccentColor;
				CODE_SIGN_STYLE = Automatic;
				CURRENT_PROJECT_VERSION = 1;
				DEVELOPMENT_TEAM = 6KMVK5CC4Q;
				GENERATE_INFOPLIST_FILE = YES;
				INFOPLIST_FILE = CustomNavBarAndSideMenu/Info.plist;
				INFOPLIST_KEY_UIApplicationSupportsIndirectInputEvents = YES;
				INFOPLIST_KEY_UILaunchStoryboardName = LaunchScreen;
				INFOPLIST_KEY_UIMainStoryboardFile = Main;
				INFOPLIST_KEY_UISupportedInterfaceOrientations_iPad = "UIInterfaceOrientationPortrait UIInterfaceOrientationPortraitUpsideDown UIInterfaceOrientationLandscapeLeft UIInterfaceOrientationLandscapeRight";
				INFOPLIST_KEY_UISupportedInterfaceOrientations_iPhone = "UIInterfaceOrientationPortrait UIInterfaceOrientationLandscapeLeft UIInterfaceOrientationLandscapeRight";
				LD_RUNPATH_SEARCH_PATHS = (
					"$(inherited)",
					"@executable_path/Frameworks",
				);
				MARKETING_VERSION = 1.0;
				PRODUCT_BUNDLE_IDENTIFIER = com.creative.CustomNavBarAndSideMenu;
				PRODUCT_NAME = "$(TARGET_NAME)";
				SWIFT_EMIT_LOC_STRINGS = YES;
				SWIFT_VERSION = 5.0;
				TARGETED_DEVICE_FAMILY = "1,2";
			};
			name = Release;
		};
		4D48E78B2A56B60300E10C98 /* Debug */ = {
			isa = XCBuildConfiguration;
			baseConfigurationReference = 4360800A65EC85861E27A22B /* Pods-CustomNavBarAndSideMenuTests.debug.xcconfig */;
			buildSettings = {
				ALWAYS_EMBED_SWIFT_STANDARD_LIBRARIES = YES;
				BUNDLE_LOADER = "$(TEST_HOST)";
				CODE_SIGN_STYLE = Automatic;
				CURRENT_PROJECT_VERSION = 1;
				DEVELOPMENT_TEAM = 6KMVK5CC4Q;
				GENERATE_INFOPLIST_FILE = YES;
				IPHONEOS_DEPLOYMENT_TARGET = 16.4;
				MARKETING_VERSION = 1.0;
				PRODUCT_BUNDLE_IDENTIFIER = com.creative.CustomNavBarAndSideMenuTests;
				PRODUCT_NAME = "$(TARGET_NAME)";
				SWIFT_EMIT_LOC_STRINGS = NO;
				SWIFT_VERSION = 5.0;
				TARGETED_DEVICE_FAMILY = "1,2";
				TEST_HOST = "$(BUILT_PRODUCTS_DIR)/CustomNavBarAndSideMenu.app/$(BUNDLE_EXECUTABLE_FOLDER_PATH)/CustomNavBarAndSideMenu";
			};
			name = Debug;
		};
		4D48E78C2A56B60300E10C98 /* Release */ = {
			isa = XCBuildConfiguration;
			baseConfigurationReference = E2126002118BEC79120E7444 /* Pods-CustomNavBarAndSideMenuTests.release.xcconfig */;
			buildSettings = {
				ALWAYS_EMBED_SWIFT_STANDARD_LIBRARIES = YES;
				BUNDLE_LOADER = "$(TEST_HOST)";
				CODE_SIGN_STYLE = Automatic;
				CURRENT_PROJECT_VERSION = 1;
				DEVELOPMENT_TEAM = 6KMVK5CC4Q;
				GENERATE_INFOPLIST_FILE = YES;
				IPHONEOS_DEPLOYMENT_TARGET = 16.4;
				MARKETING_VERSION = 1.0;
				PRODUCT_BUNDLE_IDENTIFIER = com.creative.CustomNavBarAndSideMenuTests;
				PRODUCT_NAME = "$(TARGET_NAME)";
				SWIFT_EMIT_LOC_STRINGS = NO;
				SWIFT_VERSION = 5.0;
				TARGETED_DEVICE_FAMILY = "1,2";
				TEST_HOST = "$(BUILT_PRODUCTS_DIR)/CustomNavBarAndSideMenu.app/$(BUNDLE_EXECUTABLE_FOLDER_PATH)/CustomNavBarAndSideMenu";
			};
			name = Release;
		};
		4D48E78E2A56B60300E10C98 /* Debug */ = {
			isa = XCBuildConfiguration;
			baseConfigurationReference = 9636FAD2AEA6729206436CE4 /* Pods-CustomNavBarAndSideMenu-CustomNavBarAndSideMenuUITests.debug.xcconfig */;
			buildSettings = {
				ALWAYS_EMBED_SWIFT_STANDARD_LIBRARIES = YES;
				CODE_SIGN_STYLE = Automatic;
				CURRENT_PROJECT_VERSION = 1;
				DEVELOPMENT_TEAM = 6KMVK5CC4Q;
				GENERATE_INFOPLIST_FILE = YES;
				MARKETING_VERSION = 1.0;
				PRODUCT_BUNDLE_IDENTIFIER = com.creative.CustomNavBarAndSideMenuUITests;
				PRODUCT_NAME = "$(TARGET_NAME)";
				SWIFT_EMIT_LOC_STRINGS = NO;
				SWIFT_VERSION = 5.0;
				TARGETED_DEVICE_FAMILY = "1,2";
				TEST_TARGET_NAME = CustomNavBarAndSideMenu;
			};
			name = Debug;
		};
		4D48E78F2A56B60300E10C98 /* Release */ = {
			isa = XCBuildConfiguration;
			baseConfigurationReference = 0E7BA30B7580735A4FF71CD0 /* Pods-CustomNavBarAndSideMenu-CustomNavBarAndSideMenuUITests.release.xcconfig */;
			buildSettings = {
				ALWAYS_EMBED_SWIFT_STANDARD_LIBRARIES = YES;
				CODE_SIGN_STYLE = Automatic;
				CURRENT_PROJECT_VERSION = 1;
				DEVELOPMENT_TEAM = 6KMVK5CC4Q;
				GENERATE_INFOPLIST_FILE = YES;
				MARKETING_VERSION = 1.0;
				PRODUCT_BUNDLE_IDENTIFIER = com.creative.CustomNavBarAndSideMenuUITests;
				PRODUCT_NAME = "$(TARGET_NAME)";
				SWIFT_EMIT_LOC_STRINGS = NO;
				SWIFT_VERSION = 5.0;
				TARGETED_DEVICE_FAMILY = "1,2";
				TEST_TARGET_NAME = CustomNavBarAndSideMenu;
			};
			name = Release;
		};
/* End XCBuildConfiguration section */

/* Begin XCConfigurationList section */
		4D48E7582A56B60200E10C98 /* Build configuration list for PBXProject "CustomNavBarAndSideMenu" */ = {
			isa = XCConfigurationList;
			buildConfigurations = (
				4D48E7852A56B60300E10C98 /* Debug */,
				4D48E7862A56B60300E10C98 /* Release */,
			);
			defaultConfigurationIsVisible = 0;
			defaultConfigurationName = Release;
		};
		4D48E7872A56B60300E10C98 /* Build configuration list for PBXNativeTarget "CustomNavBarAndSideMenu" */ = {
			isa = XCConfigurationList;
			buildConfigurations = (
				4D48E7882A56B60300E10C98 /* Debug */,
				4D48E7892A56B60300E10C98 /* Release */,
			);
			defaultConfigurationIsVisible = 0;
			defaultConfigurationName = Release;
		};
		4D48E78A2A56B60300E10C98 /* Build configuration list for PBXNativeTarget "CustomNavBarAndSideMenuTests" */ = {
			isa = XCConfigurationList;
			buildConfigurations = (
				4D48E78B2A56B60300E10C98 /* Debug */,
				4D48E78C2A56B60300E10C98 /* Release */,
			);
			defaultConfigurationIsVisible = 0;
			defaultConfigurationName = Release;
		};
		4D48E78D2A56B60300E10C98 /* Build configuration list for PBXNativeTarget "CustomNavBarAndSideMenuUITests" */ = {
			isa = XCConfigurationList;
			buildConfigurations = (
				4D48E78E2A56B60300E10C98 /* Debug */,
				4D48E78F2A56B60300E10C98 /* Release */,
			);
			defaultConfigurationIsVisible = 0;
			defaultConfigurationName = Release;
		};
/* End XCConfigurationList section */
	};
	rootObject = 4D48E7552A56B60200E10C98 /* Project object */;
}
