PODS:
  - SideMenu (6.5.0)
  - SnapKit (5.6.0)

DEPENDENCIES:
  - SideMenu
  - SnapKit

SPEC REPOS:
  trunk:
    - SideMenu
    - SnapKit

SPEC CHECKSUMS:
  SideMenu: f583187d21c5b1dd04c72002be544b555a2627a2
  SnapKit: e01d52ebb8ddbc333eefe2132acf85c8227d9c25

PODFILE CHECKSUM: 6a29685b6181c1de71053645415d698c1e03de64

COCOAPODS: 1.12.1
